schema: '2.0'
stages:
  load_data:
    cmd: python src/load_data.py --config=params.yaml
    deps:
    - path: data_given/kaggle_diabetes.csv
      md5: 61eefdd65e4b474c3b4614c51ca93ff0
      size: 62058
    - path: src/get_data.py
      md5: 29d0d3ce6122c16062cc0f847b906597
      size: 648
    - path: src/load_data.py
      md5: 7cc0a1eaafa5be348dc2ca27b7c3c419
      size: 653
    outs:
    - path: data/raw/kaggle_diabetes.csv
      md5: e8f41ee0ef40dc1efb9fba638227c94c
      size: 62518
  split_data:
    cmd: python src/split_data.py --config=params.yaml
    deps:
    - path: data/raw/kaggle_diabetes.csv
      md5: e8f41ee0ef40dc1efb9fba638227c94c
      size: 62518
    - path: src/split_data.py
      md5: fe0138e36a87531d7c48d85207f4794c
      size: 1086
    outs:
    - path: data/processed/test.csv
      md5: fe65fb7605f50c842fd47c39291f606b
      size: 12586
    - path: data/processed/train.csv
      md5: 20d51066a994e6a03a58647782108dc8
      size: 50030
  train_and_evaluate:
    cmd: python src/train_and_evaluate.py --config=params.yaml
    deps:
    - path: data/processed/test.csv
      md5: fe65fb7605f50c842fd47c39291f606b
      size: 12586
    - path: data/processed/train.csv
      md5: 20d51066a994e6a03a58647782108dc8
      size: 50030
    - path: src/train_and_evaluate.py
      md5: 9a3f39f46e7f8d53a08635942de0bf2e
      size: 2599
    params:
      params.yaml:
        estimators.RandomforestClassifier.params.n_estimators: 37
    outs:
    - path: models/model.joblib
      md5: 3e4c775e19bf3dca1155ce87dad63574
      size: 944871
    - path: reports/params.json
      md5: 37a7deed08a7f2980b52c5c0cdefbd09
      size: 28
    - path: reports/scores.json
      md5: dc3ee50b87fe31e176329cbdacc175c8
      size: 70
